
Microsoft Visual Studio Solution File, Format Version 12.00
# Visual Studio Version 16
VisualStudioVersion = 16.0.31911.196
MinimumVisualStudioVersion = 10.0.40219.1
Project("{6EC3EE1D-3C4E-46DD-8F32-0CC8E7565705}") = "ParserExperiment", "ParserExperiment.fsproj", "{65128FF6-4C27-488B-A1DA-DFAEF96BF365}"
EndProject
Project("{FAE04EC0-301F-11D3-BF4B-00C04F79EFBC}") = "ParserExperiment.Tests", "..\ParserExperiment.Tests\ParserExperiment.Tests.csproj", "{6CF278D4-8C75-4916-9414-68D02AECEFBB}"
EndProject
Global
	GlobalSection(SolutionConfigurationPlatforms) = preSolution
		Debug|Any CPU = Debug|Any CPU
		Release|Any CPU = Release|Any CPU
	EndGlobalSection
	GlobalSection(ProjectConfigurationPlatforms) = postSolution
		{65128FF6-4C27-488B-A1DA-DFAEF96BF365}.Debug|Any CPU.ActiveCfg = Debug|Any CPU
		{65128FF6-4C27-488B-A1DA-DFAEF96BF365}.Debug|Any CPU.Build.0 = Debug|Any CPU
		{65128FF6-4C27-488B-A1DA-DFAEF96BF365}.Release|Any CPU.ActiveCfg = Release|Any CPU
		{65128FF6-4C27-488B-A1DA-DFAEF96BF365}.Release|Any CPU.Build.0 = Release|Any CPU
		{6CF278D4-8C75-4916-9414-68D02AECEFBB}.Debug|Any CPU.ActiveCfg = Debug|Any CPU
		{6CF278D4-8C75-4916-9414-68D02AECEFBB}.Debug|Any CPU.Build.0 = Debug|Any CPU
		{6CF278D4-8C75-4916-9414-68D02AECEFBB}.Release|Any CPU.ActiveCfg = Release|Any CPU
		{6CF278D4-8C75-4916-9414-68D02AECEFBB}.Release|Any CPU.Build.0 = Release|Any CPU
	EndGlobalSection
	GlobalSection(SolutionProperties) = preSolution
		HideSolutionNode = FALSE
	EndGlobalSection
	GlobalSection(ExtensibilityGlobals) = postSolution
		SolutionGuid = {D6348B29-8EB2-470B-ADC9-316EEB5393C8}
	EndGlobalSection
EndGlobal
